
Microsoft Visual Studio Solution File, Format Version 12.00
# Visual Studio Version 16
VisualStudioVersion = 16.0.31729.503
MinimumVisualStudioVersion = 10.0.40219.1
Project("{FAE04EC0-301F-11D3-BF4B-00C04F79EFBC}") = "kurtAdamSaldırıÖrneği", "kurtAdamSaldırıÖrneği\kurtAdamSaldırıÖrneği.csproj", "{BCFC65A8-CB02-434B-9FED-DDB2D2B5C983}"
EndProject
Global
	GlobalSection(SolutionConfigurationPlatforms) = preSolution
		Debug|Any CPU = Debug|Any CPU
		Release|Any CPU = Release|Any CPU
	EndGlobalSection
	GlobalSection(ProjectConfigurationPlatforms) = postSolution
		{BCFC65A8-CB02-434B-9FED-DDB2D2B5C983}.Debug|Any CPU.ActiveCfg = Debug|Any CPU
		{BCFC65A8-CB02-434B-9FED-DDB2D2B5C983}.Debug|Any CPU.Build.0 = Debug|Any CPU
		{BCFC65A8-CB02-434B-9FED-DDB2D2B5C983}.Release|Any CPU.ActiveCfg = Release|Any CPU
		{BCFC65A8-CB02-434B-9FED-DDB2D2B5C983}.Release|Any CPU.Build.0 = Release|Any CPU
	EndGlobalSection
	GlobalSection(SolutionProperties) = preSolution
		HideSolutionNode = FALSE
	EndGlobalSection
	GlobalSection(ExtensibilityGlobals) = postSolution
		SolutionGuid = {B729471A-94BB-4926-A09A-34FA567A78A1}
	EndGlobalSection
EndGlobal
